Microsoft Visual Studio Solution File, Format Version 12.00
# Visual Studio Version 17
VisualStudioVersion = 17.5.2.0
MinimumVisualStudioVersion = 10.0.40219.1
Project("{FAE04EC0-301F-11D3-BF4B-00C04F79EFBC}") = "FullTextSearchDemo", "FullTextSearchDemo.csproj", "{A028284D-D135-25DF-C955-E88F9610CBBE}"
EndProject
Global
	GlobalSection(SolutionConfigurationPlatforms) = preSolution
		Debug|Any CPU = Debug|Any CPU
		Release|Any CPU = Release|Any CPU
	EndGlobalSection
	GlobalSection(ProjectConfigurationPlatforms) = postSolution
		{A028284D-D135-25DF-C955-E88F9610CBBE}.Debug|Any CPU.ActiveCfg = Debug|Any CPU
		{A028284D-D135-25DF-C955-E88F9610CBBE}.Debug|Any CPU.Build.0 = Debug|Any CPU
		{A028284D-D135-25DF-C955-E88F9610CBBE}.Release|Any CPU.ActiveCfg = Release|Any CPU
		{A028284D-D135-25DF-C955-E88F9610CBBE}.Release|Any CPU.Build.0 = Release|Any CPU
	EndGlobalSection
	GlobalSection(SolutionProperties) = preSolution
		HideSolutionNode = FALSE
	EndGlobalSection
	GlobalSection(ExtensibilityGlobals) = postSolution
		SolutionGuid = {D3A49671-BA08-4C5F-8B54-FCA36DB08C5C}
	EndGlobalSection
EndGlobal
